
Microsoft Visual Studio Solution File, Format Version 12.00
Project("{2150E333-8FDC-42A3-9474-1A3956D46DE8}") = "Solution Files", "Solution Files", "{84607C76-C735-4676-A770-F9E7207DB9FF}"
	ProjectSection(SolutionItems) = preProject
		.dockerignore = .dockerignore
		.editorconfig = .editorconfig
		.gitignore = .gitignore
	EndProjectSection
EndProject
Project("{FAE04EC0-301F-11D3-BF4B-00C04F79EFBC}") = "Kf.Service.Warehouse.Data.Abstractions", "src\Kf.Service.Warehouse.Data.Abstractions\Kf.Service.Warehouse.Data.Abstractions.csproj", "{001CC5A9-F415-46DF-BC55-7F27E9873E06}"
EndProject
Project("{FAE04EC0-301F-11D3-BF4B-00C04F79EFBC}") = "Kf.Service.Warehouse.Data", "src\Kf.Service.Warehouse.Data\Kf.Service.Warehouse.Data.csproj", "{63694EA3-185E-4172-B743-BD0496CACE95}"
EndProject
Project("{FAE04EC0-301F-11D3-BF4B-00C04F79EFBC}") = "Kf.Service.Warehouse.Data.PostgreSql", "src\Kf.Service.Warehouse.Data.PostgreSql\Kf.Service.Warehouse.Data.PostgreSql.csproj", "{B1A85F6E-3EB4-400C-B2A1-7F51FE856468}"
EndProject
Global
	GlobalSection(SolutionConfigurationPlatforms) = preSolution
		Debug|Any CPU = Debug|Any CPU
		Release|Any CPU = Release|Any CPU
	EndGlobalSection
	GlobalSection(ProjectConfigurationPlatforms) = postSolution
		{001CC5A9-F415-46DF-BC55-7F27E9873E06}.Debug|Any CPU.ActiveCfg = Debug|Any CPU
		{001CC5A9-F415-46DF-BC55-7F27E9873E06}.Debug|Any CPU.Build.0 = Debug|Any CPU
		{001CC5A9-F415-46DF-BC55-7F27E9873E06}.Release|Any CPU.ActiveCfg = Release|Any CPU
		{001CC5A9-F415-46DF-BC55-7F27E9873E06}.Release|Any CPU.Build.0 = Release|Any CPU
		{63694EA3-185E-4172-B743-BD0496CACE95}.Debug|Any CPU.ActiveCfg = Debug|Any CPU
		{63694EA3-185E-4172-B743-BD0496CACE95}.Debug|Any CPU.Build.0 = Debug|Any CPU
		{63694EA3-185E-4172-B743-BD0496CACE95}.Release|Any CPU.ActiveCfg = Release|Any CPU
		{63694EA3-185E-4172-B743-BD0496CACE95}.Release|Any CPU.Build.0 = Release|Any CPU
		{B1A85F6E-3EB4-400C-B2A1-7F51FE856468}.Debug|Any CPU.ActiveCfg = Debug|Any CPU
		{B1A85F6E-3EB4-400C-B2A1-7F51FE856468}.Debug|Any CPU.Build.0 = Debug|Any CPU
		{B1A85F6E-3EB4-400C-B2A1-7F51FE856468}.Release|Any CPU.ActiveCfg = Release|Any CPU
		{B1A85F6E-3EB4-400C-B2A1-7F51FE856468}.Release|Any CPU.Build.0 = Release|Any CPU
	EndGlobalSection
EndGlobal
