
Microsoft Visual Studio Solution File, Format Version 12.00
Project("{2150E333-8FDC-42A3-9474-1A3956D46DE8}") = "Solution Files", "Solution Files", "{84607C76-C735-4676-A770-F9E7207DB9FF}"
	ProjectSection(SolutionItems) = preProject
		.dockerignore = .dockerignore
		.editorconfig = .editorconfig
		.gitignore = .gitignore
	EndProjectSection
EndProject
Project("{FAE04EC0-301F-11D3-BF4B-00C04F79EFBC}") = "Kf.Service.Warehouse.Data.Abstractions", "src\Kf.Service.Warehouse.Data.Abstractions\Kf.Service.Warehouse.Data.Abstractions.csproj", "{001CC5A9-F415-46DF-BC55-7F27E9873E06}"
EndProject
Project("{FAE04EC0-301F-11D3-BF4B-00C04F79EFBC}") = "Kf.Service.Warehouse.Data", "src\Kf.Service.Warehouse.Data\Kf.Service.Warehouse.Data.csproj", "{63694EA3-185E-4172-B743-BD0496CACE95}"
EndProject
Project("{FAE04EC0-301F-11D3-BF4B-00C04F79EFBC}") = "Kf.Service.Warehouse.Data.PostgreSql", "src\Kf.Service.Warehouse.Data.PostgreSql\Kf.Service.Warehouse.Data.PostgreSql.csproj", "{B1A85F6E-3EB4-400C-B2A1-7F51FE856468}"
EndProject
Project("{FAE04EC0-301F-11D3-BF4B-00C04F79EFBC}") = "Kf.Service.Warehouse.Domain.Abstractions", "src\Kf.Service.Warehouse.Domain.Abstractions\Kf.Service.Warehouse.Domain.Abstractions.csproj", "{D995A714-8DF3-4A6E-B062-326BD14CCE89}"
EndProject
Project("{FAE04EC0-301F-11D3-BF4B-00C04F79EFBC}") = "Kf.Service.Warehouse.Domain", "src\Kf.Service.Warehouse.Domain\Kf.Service.Warehouse.Domain.csproj", "{8EF7AFAB-BE3F-4D6C-A852-DCB34F6781F6}"
EndProject
Project("{FAE04EC0-301F-11D3-BF4B-00C04F79EFBC}") = "Kf.Service.Warehouse.API", "src\Kf.Service.Warehouse.API\Kf.Service.Warehouse.API.csproj", "{2DCDF98A-0769-45C4-B9C4-4F826773D89A}"
EndProject
Project("{FAE04EC0-301F-11D3-BF4B-00C04F79EFBC}") = "Kf.Service.Warehouse.API.Abstractions", "src\Kf.Service.Warehouse.API.Abstractions\Kf.Service.Warehouse.API.Abstractions.csproj", "{E6E3516E-98F5-4B87-82CC-B4D3646456D9}"
EndProject
Project("{FAE04EC0-301F-11D3-BF4B-00C04F79EFBC}") = "Kf.Service.Warehouse.Messages", "src\Kf.Service.Warehouse.Messages\Kf.Service.Warehouse.Messages.csproj", "{3995D242-7625-4081-9BCF-75BA63DA127E}"
EndProject
Project("{FAE04EC0-301F-11D3-BF4B-00C04F79EFBC}") = "Kf.Service.Inventory.Messages", "src\Kf.Service.Inventory.Messages\Kf.Service.Inventory.Messages.csproj", "{938D74B6-B444-4CEA-9025-AA4F9966129C}"
EndProject
Global
	GlobalSection(SolutionConfigurationPlatforms) = preSolution
		Debug|Any CPU = Debug|Any CPU
		Release|Any CPU = Release|Any CPU
	EndGlobalSection
	GlobalSection(ProjectConfigurationPlatforms) = postSolution
		{001CC5A9-F415-46DF-BC55-7F27E9873E06}.Debug|Any CPU.ActiveCfg = Debug|Any CPU
		{001CC5A9-F415-46DF-BC55-7F27E9873E06}.Debug|Any CPU.Build.0 = Debug|Any CPU
		{001CC5A9-F415-46DF-BC55-7F27E9873E06}.Release|Any CPU.ActiveCfg = Release|Any CPU
		{001CC5A9-F415-46DF-BC55-7F27E9873E06}.Release|Any CPU.Build.0 = Release|Any CPU
		{63694EA3-185E-4172-B743-BD0496CACE95}.Debug|Any CPU.ActiveCfg = Debug|Any CPU
		{63694EA3-185E-4172-B743-BD0496CACE95}.Debug|Any CPU.Build.0 = Debug|Any CPU
		{63694EA3-185E-4172-B743-BD0496CACE95}.Release|Any CPU.ActiveCfg = Release|Any CPU
		{63694EA3-185E-4172-B743-BD0496CACE95}.Release|Any CPU.Build.0 = Release|Any CPU
		{B1A85F6E-3EB4-400C-B2A1-7F51FE856468}.Debug|Any CPU.ActiveCfg = Debug|Any CPU
		{B1A85F6E-3EB4-400C-B2A1-7F51FE856468}.Debug|Any CPU.Build.0 = Debug|Any CPU
		{B1A85F6E-3EB4-400C-B2A1-7F51FE856468}.Release|Any CPU.ActiveCfg = Release|Any CPU
		{B1A85F6E-3EB4-400C-B2A1-7F51FE856468}.Release|Any CPU.Build.0 = Release|Any CPU
		{D995A714-8DF3-4A6E-B062-326BD14CCE89}.Debug|Any CPU.ActiveCfg = Debug|Any CPU
		{D995A714-8DF3-4A6E-B062-326BD14CCE89}.Debug|Any CPU.Build.0 = Debug|Any CPU
		{D995A714-8DF3-4A6E-B062-326BD14CCE89}.Release|Any CPU.ActiveCfg = Release|Any CPU
		{D995A714-8DF3-4A6E-B062-326BD14CCE89}.Release|Any CPU.Build.0 = Release|Any CPU
		{8EF7AFAB-BE3F-4D6C-A852-DCB34F6781F6}.Debug|Any CPU.ActiveCfg = Debug|Any CPU
		{8EF7AFAB-BE3F-4D6C-A852-DCB34F6781F6}.Debug|Any CPU.Build.0 = Debug|Any CPU
		{8EF7AFAB-BE3F-4D6C-A852-DCB34F6781F6}.Release|Any CPU.ActiveCfg = Release|Any CPU
		{8EF7AFAB-BE3F-4D6C-A852-DCB34F6781F6}.Release|Any CPU.Build.0 = Release|Any CPU
		{2DCDF98A-0769-45C4-B9C4-4F826773D89A}.Debug|Any CPU.ActiveCfg = Debug|Any CPU
		{2DCDF98A-0769-45C4-B9C4-4F826773D89A}.Debug|Any CPU.Build.0 = Debug|Any CPU
		{2DCDF98A-0769-45C4-B9C4-4F826773D89A}.Release|Any CPU.ActiveCfg = Release|Any CPU
		{2DCDF98A-0769-45C4-B9C4-4F826773D89A}.Release|Any CPU.Build.0 = Release|Any CPU
		{E6E3516E-98F5-4B87-82CC-B4D3646456D9}.Debug|Any CPU.ActiveCfg = Debug|Any CPU
		{E6E3516E-98F5-4B87-82CC-B4D3646456D9}.Debug|Any CPU.Build.0 = Debug|Any CPU
		{E6E3516E-98F5-4B87-82CC-B4D3646456D9}.Release|Any CPU.ActiveCfg = Release|Any CPU
		{E6E3516E-98F5-4B87-82CC-B4D3646456D9}.Release|Any CPU.Build.0 = Release|Any CPU
		{3995D242-7625-4081-9BCF-75BA63DA127E}.Debug|Any CPU.ActiveCfg = Debug|Any CPU
		{3995D242-7625-4081-9BCF-75BA63DA127E}.Debug|Any CPU.Build.0 = Debug|Any CPU
		{3995D242-7625-4081-9BCF-75BA63DA127E}.Release|Any CPU.ActiveCfg = Release|Any CPU
		{3995D242-7625-4081-9BCF-75BA63DA127E}.Release|Any CPU.Build.0 = Release|Any CPU
		{938D74B6-B444-4CEA-9025-AA4F9966129C}.Debug|Any CPU.ActiveCfg = Debug|Any CPU
		{938D74B6-B444-4CEA-9025-AA4F9966129C}.Debug|Any CPU.Build.0 = Debug|Any CPU
		{938D74B6-B444-4CEA-9025-AA4F9966129C}.Release|Any CPU.ActiveCfg = Release|Any CPU
		{938D74B6-B444-4CEA-9025-AA4F9966129C}.Release|Any CPU.Build.0 = Release|Any CPU
	EndGlobalSection
EndGlobal
